
Microsoft Visual Studio Solution File, Format Version 12.00
# Visual Studio Version 17
VisualStudioVersion = 17.8.34309.116
MinimumVisualStudioVersion = 10.0.40219.1
Project("{FAE04EC0-301F-11D3-BF4B-00C04F79EFBC}") = "HotelReservationSystem", "HotelReservationSystem.csproj", "{3B8F3A42-F0DB-438E-8F15-0FFB7743BC8C}"
EndProject
Global
	GlobalSection(SolutionConfigurationPlatforms) = preSolution
		Debug|Any CPU = Debug|Any CPU
		Release|Any CPU = Release|Any CPU
	EndGlobalSection
	GlobalSection(ProjectConfigurationPlatforms) = postSolution
		{3B8F3A42-F0DB-438E-8F15-0FFB7743BC8C}.Debug|Any CPU.ActiveCfg = Debug|Any CPU
		{3B8F3A42-F0DB-438E-8F15-0FFB7743BC8C}.Debug|Any CPU.Build.0 = Debug|Any CPU
		{3B8F3A42-F0DB-438E-8F15-0FFB7743BC8C}.Release|Any CPU.ActiveCfg = Release|Any CPU
		{3B8F3A42-F0DB-438E-8F15-0FFB7743BC8C}.Release|Any CPU.Build.0 = Release|Any CPU
	EndGlobalSection
	GlobalSection(SolutionProperties) = preSolution
		HideSolutionNode = FALSE
	EndGlobalSection
	GlobalSection(ExtensibilityGlobals) = postSolution
		SolutionGuid = {A8D3F38D-6D80-4A2A-AB53-96266514E3E9}
	EndGlobalSection
EndGlobal
